
Microsoft Visual Studio Solution File, Format Version 12.00
# Visual Studio Version 17
VisualStudioVersion = 17.8.34309.116
MinimumVisualStudioVersion = 10.0.40219.1
Project("{FAE04EC0-301F-11D3-BF4B-00C04F79EFBC}") = "Natix.Weather.API", "Natix.Weather.API\Natix.Weather.API.csproj", "{5996289D-B5BC-4312-9F7A-C7B716551B15}"
EndProject
Project("{FAE04EC0-301F-11D3-BF4B-00C04F79EFBC}") = "Natix.Weather.Application", "Natix.Weather.Application\Natix.Weather.Application.csproj", "{99A9ED56-465C-4DC9-BE23-C33F787C4939}"
EndProject
Project("{FAE04EC0-301F-11D3-BF4B-00C04F79EFBC}") = "Natix.Weather.Infrastructure", "Natix.Weather.Infrastructure\Natix.Weather.Infrastructure.csproj", "{4ACE72F0-CBE5-4677-9E53-51DB37C5FE00}"
EndProject
Project("{FAE04EC0-301F-11D3-BF4B-00C04F79EFBC}") = "Natix.Weather.Domain", "Natix.Weather.Domain\Natix.Weather.Domain.csproj", "{061A5D9F-A647-4AF3-9C69-E6E94D29993E}"
EndProject
Project("{2150E333-8FDC-42A3-9474-1A3956D46DE8}") = "Solution Items", "Solution Items", "{0C1CFC18-9F3C-45A9-B3F8-0EF4E024826E}"
	ProjectSection(SolutionItems) = preProject
		README.md = README.md
	EndProjectSection
EndProject
Project("{FAE04EC0-301F-11D3-BF4B-00C04F79EFBC}") = "Natix.Weather.Tests", "Natix.Weather.Tests\Natix.Weather.Tests.csproj", "{698A1ED1-7BB4-4E05-8877-2FDFCC6B7476}"
EndProject
Project("{E53339B2-1760-4266-BCC7-CA923CBCF16C}") = "docker-compose", "docker-compose.dcproj", "{81DDED9D-158B-E303-5F62-77A2896D2A5A}"
EndProject
Global
	GlobalSection(SolutionConfigurationPlatforms) = preSolution
		Debug|Any CPU = Debug|Any CPU
		Release|Any CPU = Release|Any CPU
	EndGlobalSection
	GlobalSection(ProjectConfigurationPlatforms) = postSolution
		{5996289D-B5BC-4312-9F7A-C7B716551B15}.Debug|Any CPU.ActiveCfg = Debug|Any CPU
		{5996289D-B5BC-4312-9F7A-C7B716551B15}.Debug|Any CPU.Build.0 = Debug|Any CPU
		{5996289D-B5BC-4312-9F7A-C7B716551B15}.Release|Any CPU.ActiveCfg = Release|Any CPU
		{5996289D-B5BC-4312-9F7A-C7B716551B15}.Release|Any CPU.Build.0 = Release|Any CPU
		{99A9ED56-465C-4DC9-BE23-C33F787C4939}.Debug|Any CPU.ActiveCfg = Debug|Any CPU
		{99A9ED56-465C-4DC9-BE23-C33F787C4939}.Debug|Any CPU.Build.0 = Debug|Any CPU
		{99A9ED56-465C-4DC9-BE23-C33F787C4939}.Release|Any CPU.ActiveCfg = Release|Any CPU
		{99A9ED56-465C-4DC9-BE23-C33F787C4939}.Release|Any CPU.Build.0 = Release|Any CPU
		{4ACE72F0-CBE5-4677-9E53-51DB37C5FE00}.Debug|Any CPU.ActiveCfg = Debug|Any CPU
		{4ACE72F0-CBE5-4677-9E53-51DB37C5FE00}.Debug|Any CPU.Build.0 = Debug|Any CPU
		{4ACE72F0-CBE5-4677-9E53-51DB37C5FE00}.Release|Any CPU.ActiveCfg = Release|Any CPU
		{4ACE72F0-CBE5-4677-9E53-51DB37C5FE00}.Release|Any CPU.Build.0 = Release|Any CPU
		{061A5D9F-A647-4AF3-9C69-E6E94D29993E}.Debug|Any CPU.ActiveCfg = Debug|Any CPU
		{061A5D9F-A647-4AF3-9C69-E6E94D29993E}.Debug|Any CPU.Build.0 = Debug|Any CPU
		{061A5D9F-A647-4AF3-9C69-E6E94D29993E}.Release|Any CPU.ActiveCfg = Release|Any CPU
		{061A5D9F-A647-4AF3-9C69-E6E94D29993E}.Release|Any CPU.Build.0 = Release|Any CPU
		{698A1ED1-7BB4-4E05-8877-2FDFCC6B7476}.Debug|Any CPU.ActiveCfg = Debug|Any CPU
		{698A1ED1-7BB4-4E05-8877-2FDFCC6B7476}.Debug|Any CPU.Build.0 = Debug|Any CPU
		{698A1ED1-7BB4-4E05-8877-2FDFCC6B7476}.Release|Any CPU.ActiveCfg = Release|Any CPU
		{698A1ED1-7BB4-4E05-8877-2FDFCC6B7476}.Release|Any CPU.Build.0 = Release|Any CPU
		{81DDED9D-158B-E303-5F62-77A2896D2A5A}.Debug|Any CPU.ActiveCfg = Debug|Any CPU
		{81DDED9D-158B-E303-5F62-77A2896D2A5A}.Debug|Any CPU.Build.0 = Debug|Any CPU
		{81DDED9D-158B-E303-5F62-77A2896D2A5A}.Release|Any CPU.ActiveCfg = Release|Any CPU
		{81DDED9D-158B-E303-5F62-77A2896D2A5A}.Release|Any CPU.Build.0 = Release|Any CPU
	EndGlobalSection
	GlobalSection(SolutionProperties) = preSolution
		HideSolutionNode = FALSE
	EndGlobalSection
	GlobalSection(ExtensibilityGlobals) = postSolution
		SolutionGuid = {CBC59E61-7BF1-4D27-8C73-C47B73FC25F3}
	EndGlobalSection
EndGlobal
